// !$*UTF8*$!
{
	archiveVersion = 1;
	classes = {
	};
	objectVersion = 56;
	objects = {

/* Begin PBXBuildFile section */
		6E059FDC2C3FF595006783D2 /* RallyTransbetxiApp.swift in Sources */ = {isa = PBXBuildFile; fileRef = 6E059FDB2C3FF595006783D2 /* RallyTransbetxiApp.swift */; };
		6E059FDE2C3FF595006783D2 /* RallyScreen.swift in Sources */ = {isa = PBXBuildFile; fileRef = 6E059FDD2C3FF595006783D2 /* RallyScreen.swift */; };
		6E059FE02C3FF598006783D2 /* Assets.xcassets in Resources */ = {isa = PBXBuildFile; fileRef = 6E059FDF2C3FF598006783D2 /* Assets.xcassets */; };
		6E059FE32C3FF598006783D2 /* Preview Assets.xcassets in Resources */ = {isa = PBXBuildFile; fileRef = 6E059FE22C3FF598006783D2 /* Preview Assets.xcassets */; };
		6E059FEF2C3FFEFF006783D2 /* DateTimeUtils.swift in Sources */ = {isa = PBXBuildFile; fileRef = 6E059FEE2C3FFEFF006783D2 /* DateTimeUtils.swift */; };
		6E059FF12C3FFFAE006783D2 /* Constants.swift in Sources */ = {isa = PBXBuildFile; fileRef = 6E059FF02C3FFFAE006783D2 /* Constants.swift */; };
		6E059FF32C40005A006783D2 /* CountdownTimer.swift in Sources */ = {isa = PBXBuildFile; fileRef = 6E059FF22C40005A006783D2 /* CountdownTimer.swift */; };
/* End PBXBuildFile section */

/* Begin PBXFileReference section */
		6E059FD82C3FF595006783D2 /* RallyTransbetxi.app */ = {isa = PBXFileReference; explicitFileType = wrapper.application; includeInIndex = 0; path = RallyTransbetxi.app; sourceTree = BUILT_PRODUCTS_DIR; };
		6E059FDB2C3FF595006783D2 /* RallyTransbetxiApp.swift */ = {isa = PBXFileReference; lastKnownFileType = sourcecode.swift; path = RallyTransbetxiApp.swift; sourceTree = "<group>"; };
		6E059FDD2C3FF595006783D2 /* RallyScreen.swift */ = {isa = PBXFileReference; lastKnownFileType = sourcecode.swift; path = RallyScreen.swift; sourceTree = "<group>"; };
		6E059FDF2C3FF598006783D2 /* Assets.xcassets */ = {isa = PBXFileReference; lastKnownFileType = folder.assetcatalog; path = Assets.xcassets; sourceTree = "<group>"; };
		6E059FE22C3FF598006783D2 /* Preview Assets.xcassets */ = {isa = PBXFileReference; lastKnownFileType = folder.assetcatalog; path = "Preview Assets.xcassets"; sourceTree = "<group>"; };
		6E059FEE2C3FFEFF006783D2 /* DateTimeUtils.swift */ = {isa = PBXFileReference; lastKnownFileType = sourcecode.swift; path = DateTimeUtils.swift; sourceTree = "<group>"; };
		6E059FF02C3FFFAE006783D2 /* Constants.swift */ = {isa = PBXFileReference; lastKnownFileType = sourcecode.swift; path = Constants.swift; sourceTree = "<group>"; };
		6E059FF22C40005A006783D2 /* CountdownTimer.swift */ = {isa = PBXFileReference; lastKnownFileType = sourcecode.swift; path = CountdownTimer.swift; sourceTree = "<group>"; };
/* End PBXFileReference section */

/* Begin PBXFrameworksBuildPhase section */
		6E059FD52C3FF595006783D2 /* Frameworks */ = {
			isa = PBXFrameworksBuildPhase;
			buildActionMask = 2147483647;
			files = (
			);
			runOnlyForDeploymentPostprocessing = 0;
		};
/* End PBXFrameworksBuildPhase section */

/* Begin PBXGroup section */
		6E059FCF2C3FF595006783D2 = {
			isa = PBXGroup;
			children = (
				6E059FDA2C3FF595006783D2 /* RallyTransbetxi */,
				6E059FD92C3FF595006783D2 /* Products */,
			);
			sourceTree = "<group>";
		};
		6E059FD92C3FF595006783D2 /* Products */ = {
			isa = PBXGroup;
			children = (
				6E059FD82C3FF595006783D2 /* RallyTransbetxi.app */,
			);
			name = Products;
			sourceTree = "<group>";
		};
		6E059FDA2C3FF595006783D2 /* RallyTransbetxi */ = {
			isa = PBXGroup;
			children = (
				6E059FED2C3FFE9F006783D2 /* utils */,
				6E059FEB2C3FFBD6006783D2 /* ui */,
				6E059FDB2C3FF595006783D2 /* RallyTransbetxiApp.swift */,
				6E059FDF2C3FF598006783D2 /* Assets.xcassets */,
				6E059FE12C3FF598006783D2 /* Preview Content */,
			);
			path = RallyTransbetxi;
			sourceTree = "<group>";
		};
		6E059FE12C3FF598006783D2 /* Preview Content */ = {
			isa = PBXGroup;
			children = (
				6E059FE22C3FF598006783D2 /* Preview Assets.xcassets */,
			);
			path = "Preview Content";
			sourceTree = "<group>";
		};
		6E059FEB2C3FFBD6006783D2 /* ui */ = {
			isa = PBXGroup;
			children = (
				6E059FEC2C3FFBDE006783D2 /* rally */,
			);
			path = ui;
			sourceTree = "<group>";
		};
		6E059FEC2C3FFBDE006783D2 /* rally */ = {
			isa = PBXGroup;
			children = (
				6E059FDD2C3FF595006783D2 /* RallyScreen.swift */,
				6E059FF22C40005A006783D2 /* CountdownTimer.swift */,
			);
			path = rally;
			sourceTree = "<group>";
		};
		6E059FED2C3FFE9F006783D2 /* utils */ = {
			isa = PBXGroup;
			children = (
				6E059FEE2C3FFEFF006783D2 /* DateTimeUtils.swift */,
				6E059FF02C3FFFAE006783D2 /* Constants.swift */,
			);
			path = utils;
			sourceTree = "<group>";
		};
/* End PBXGroup section */

/* Begin PBXNativeTarget section */
		6E059FD72C3FF595006783D2 /* RallyTransbetxi */ = {
			isa = PBXNativeTarget;
			buildConfigurationList = 6E059FE62C3FF598006783D2 /* Build configuration list for PBXNativeTarget "RallyTransbetxi" */;
			buildPhases = (
				6E059FD42C3FF595006783D2 /* Sources */,
				6E059FD52C3FF595006783D2 /* Frameworks */,
				6E059FD62C3FF595006783D2 /* Resources */,
			);
			buildRules = (
			);
			dependencies = (
			);
			name = RallyTransbetxi;
			productName = RallyTransbetxi;
			productReference = 6E059FD82C3FF595006783D2 /* RallyTransbetxi.app */;
			productType = "com.apple.product-type.application";
		};
/* End PBXNativeTarget section */

/* Begin PBXProject section */
		6E059FD02C3FF595006783D2 /* Project object */ = {
			isa = PBXProject;
			attributes = {
				BuildIndependentTargetsInParallel = 1;
				LastSwiftUpdateCheck = 1420;
				LastUpgradeCheck = 1420;
				TargetAttributes = {
					6E059FD72C3FF595006783D2 = {
						CreatedOnToolsVersion = 14.2;
					};
				};
			};
			buildConfigurationList = 6E059FD32C3FF595006783D2 /* Build configuration list for PBXProject "RallyTransbetxi" */;
			compatibilityVersion = "Xcode 14.0";
			developmentRegion = en;
			hasScannedForEncodings = 0;
			knownRegions = (
				en,
				Base,
			);
			mainGroup = 6E059FCF2C3FF595006783D2;
			productRefGroup = 6E059FD92C3FF595006783D2 /* Products */;
			projectDirPath = "";
			projectRoot = "";
			targets = (
				6E059FD72C3FF595006783D2 /* RallyTransbetxi */,
			);
		};
/* End PBXProject section */

/* Begin PBXResourcesBuildPhase section */
		6E059FD62C3FF595006783D2 /* Resources */ = {
			isa = PBXResourcesBuildPhase;
			buildActionMask = 2147483647;
			files = (
				6E059FE32C3FF598006783D2 /* Preview Assets.xcassets in Resources */,
				6E059FE02C3FF598006783D2 /* Assets.xcassets in Resources */,
			);
			runOnlyForDeploymentPostprocessing = 0;
		};
/* End PBXResourcesBuildPhase section */

/* Begin PBXSourcesBuildPhase section */
		6E059FD42C3FF595006783D2 /* Sources */ = {
			isa = PBXSourcesBuildPhase;
			buildActionMask = 2147483647;
			files = (
				6E059FF32C40005A006783D2 /* CountdownTimer.swift in Sources */,
				6E059FEF2C3FFEFF006783D2 /* DateTimeUtils.swift in Sources */,
				6E059FDE2C3FF595006783D2 /* RallyScreen.swift in Sources */,
				6E059FDC2C3FF595006783D2 /* RallyTransbetxiApp.swift in Sources */,
				6E059FF12C3FFFAE006783D2 /* Constants.swift in Sources */,
			);
			runOnlyForDeploymentPostprocessing = 0;
		};
/* End PBXSourcesBuildPhase section */

/* Begin XCBuildConfiguration section */
		6E059FE42C3FF598006783D2 /* Debug */ = {
			isa = XCBuildConfiguration;
			buildSettings = {
				ALWAYS_SEARCH_USER_PATHS = NO;
				CLANG_ANALYZER_NONNULL = YES;
				CLANG_ANALYZER_NUMBER_OBJECT_CONVERSION = YES_AGGRESSIVE;
				CLANG_CXX_LANGUAGE_STANDARD = "gnu++20";
				CLANG_ENABLE_MODULES = YES;
				CLANG_ENABLE_OBJC_ARC = YES;
				CLANG_ENABLE_OBJC_WEAK = YES;
				CLANG_WARN_BLOCK_CAPTURE_AUTORELEASING = YES;
				CLANG_WARN_BOOL_CONVERSION = YES;
				CLANG_WARN_COMMA = YES;
				CLANG_WARN_CONSTANT_CONVERSION = YES;
				CLANG_WARN_DEPRECATED_OBJC_IMPLEMENTATIONS = YES;
				CLANG_WARN_DIRECT_OBJC_ISA_USAGE = YES_ERROR;
				CLANG_WARN_DOCUMENTATION_COMMENTS = YES;
				CLANG_WARN_EMPTY_BODY = YES;
				CLANG_WARN_ENUM_CONVERSION = YES;
				CLANG_WARN_INFINITE_RECURSION = YES;
				CLANG_WARN_INT_CONVERSION = YES;
				CLANG_WARN_NON_LITERAL_NULL_CONVERSION = YES;
				CLANG_WARN_OBJC_IMPLICIT_RETAIN_SELF = YES;
				CLANG_WARN_OBJC_LITERAL_CONVERSION = YES;
				CLANG_WARN_OBJC_ROOT_CLASS = YES_ERROR;
				CLANG_WARN_QUOTED_INCLUDE_IN_FRAMEWORK_HEADER = YES;
				CLANG_WARN_RANGE_LOOP_ANALYSIS = YES;
				CLANG_WARN_STRICT_PROTOTYPES = YES;
				CLANG_WARN_SUSPICIOUS_MOVE = YES;
				CLANG_WARN_UNGUARDED_AVAILABILITY = YES_AGGRESSIVE;
				CLANG_WARN_UNREACHABLE_CODE = YES;
				CLANG_WARN__DUPLICATE_METHOD_MATCH = YES;
				COPY_PHASE_STRIP = NO;
				DEBUG_INFORMATION_FORMAT = dwarf;
				ENABLE_STRICT_OBJC_MSGSEND = YES;
				ENABLE_TESTABILITY = YES;
				GCC_C_LANGUAGE_STANDARD = gnu11;
				GCC_DYNAMIC_NO_PIC = NO;
				GCC_NO_COMMON_BLOCKS = YES;
				GCC_OPTIMIZATION_LEVEL = 0;
				GCC_PREPROCESSOR_DEFINITIONS = (
					"DEBUG=1",
					"$(inherited)",
				);
				GCC_WARN_64_TO_32_BIT_CONVERSION = YES;
				GCC_WARN_ABOUT_RETURN_TYPE = YES_ERROR;
				GCC_WARN_UNDECLARED_SELECTOR = YES;
				GCC_WARN_UNINITIALIZED_AUTOS = YES_AGGRESSIVE;
				GCC_WARN_UNUSED_FUNCTION = YES;
				GCC_WARN_UNUSED_VARIABLE = YES;
				IPHONEOS_DEPLOYMENT_TARGET = 16.2;
				MTL_ENABLE_DEBUG_INFO = INCLUDE_SOURCE;
				MTL_FAST_MATH = YES;
				ONLY_ACTIVE_ARCH = YES;
				SDKROOT = iphoneos;
				SWIFT_ACTIVE_COMPILATION_CONDITIONS = DEBUG;
				SWIFT_OPTIMIZATION_LEVEL = "-Onone";
			};
			name = Debug;
		};
		6E059FE52C3FF598006783D2 /* Release */ = {
			isa = XCBuildConfiguration;
			buildSettings = {
				ALWAYS_SEARCH_USER_PATHS = NO;
				CLANG_ANALYZER_NONNULL = YES;
				CLANG_ANALYZER_NUMBER_OBJECT_CONVERSION = YES_AGGRESSIVE;
				CLANG_CXX_LANGUAGE_STANDARD = "gnu++20";
				CLANG_ENABLE_MODULES = YES;
				CLANG_ENABLE_OBJC_ARC = YES;
				CLANG_ENABLE_OBJC_WEAK = YES;
				CLANG_WARN_BLOCK_CAPTURE_AUTORELEASING = YES;
				CLANG_WARN_BOOL_CONVERSION = YES;
				CLANG_WARN_COMMA = YES;
				CLANG_WARN_CONSTANT_CONVERSION = YES;
				CLANG_WARN_DEPRECATED_OBJC_IMPLEMENTATIONS = YES;
				CLANG_WARN_DIRECT_OBJC_ISA_USAGE = YES_ERROR;
				CLANG_WARN_DOCUMENTATION_COMMENTS = YES;
				CLANG_WARN_EMPTY_BODY = YES;
				CLANG_WARN_ENUM_CONVERSION = YES;
				CLANG_WARN_INFINITE_RECURSION = YES;
				CLANG_WARN_INT_CONVERSION = YES;
				CLANG_WARN_NON_LITERAL_NULL_CONVERSION = YES;
				CLANG_WARN_OBJC_IMPLICIT_RETAIN_SELF = YES;
				CLANG_WARN_OBJC_LITERAL_CONVERSION = YES;
				CLANG_WARN_OBJC_ROOT_CLASS = YES_ERROR;
				CLANG_WARN_QUOTED_INCLUDE_IN_FRAMEWORK_HEADER = YES;
				CLANG_WARN_RANGE_LOOP_ANALYSIS = YES;
				CLANG_WARN_STRICT_PROTOTYPES = YES;
				CLANG_WARN_SUSPICIOUS_MOVE = YES;
				CLANG_WARN_UNGUARDED_AVAILABILITY = YES_AGGRESSIVE;
				CLANG_WARN_UNREACHABLE_CODE = YES;
				CLANG_WARN__DUPLICATE_METHOD_MATCH = YES;
				COPY_PHASE_STRIP = NO;
				DEBUG_INFORMATION_FORMAT = "dwarf-with-dsym";
				ENABLE_NS_ASSERTIONS = NO;
				ENABLE_STRICT_OBJC_MSGSEND = YES;
				GCC_C_LANGUAGE_STANDARD = gnu11;
				GCC_NO_COMMON_BLOCKS = YES;
				GCC_WARN_64_TO_32_BIT_CONVERSION = YES;
				GCC_WARN_ABOUT_RETURN_TYPE = YES_ERROR;
				GCC_WARN_UNDECLARED_SELECTOR = YES;
				GCC_WARN_UNINITIALIZED_AUTOS = YES_AGGRESSIVE;
				GCC_WARN_UNUSED_FUNCTION = YES;
				GCC_WARN_UNUSED_VARIABLE = YES;
				IPHONEOS_DEPLOYMENT_TARGET = 16.2;
				MTL_ENABLE_DEBUG_INFO = NO;
				MTL_FAST_MATH = YES;
				SDKROOT = iphoneos;
				SWIFT_COMPILATION_MODE = wholemodule;
				SWIFT_OPTIMIZATION_LEVEL = "-O";
				VALIDATE_PRODUCT = YES;
			};
			name = Release;
		};
		6E059FE72C3FF598006783D2 /* Debug */ = {
			isa = XCBuildConfiguration;
			buildSettings = {
				ASSETCATALOG_COMPILER_APPICON_NAME = AppIcon;
				ASSETCATALOG_COMPILER_GLOBAL_ACCENT_COLOR_NAME = AccentColor;
				CODE_SIGN_STYLE = Automatic;
				CURRENT_PROJECT_VERSION = 1;
				DEVELOPMENT_ASSET_PATHS = "\"RallyTransbetxi/Preview Content\"";
				DEVELOPMENT_TEAM = 76Z9ZJFA9M;
				ENABLE_PREVIEWS = YES;
				GENERATE_INFOPLIST_FILE = YES;
				INFOPLIST_KEY_UIApplicationSceneManifest_Generation = YES;
				INFOPLIST_KEY_UIApplicationSupportsIndirectInputEvents = YES;
				INFOPLIST_KEY_UILaunchScreen_Generation = YES;
				INFOPLIST_KEY_UISupportedInterfaceOrientations_iPad = "UIInterfaceOrientationPortrait UIInterfaceOrientationPortraitUpsideDown UIInterfaceOrientationLandscapeLeft UIInterfaceOrientationLandscapeRight";
				INFOPLIST_KEY_UISupportedInterfaceOrientations_iPhone = "UIInterfaceOrientationPortrait UIInterfaceOrientationLandscapeLeft UIInterfaceOrientationLandscapeRight";
				LD_RUNPATH_SEARCH_PATHS = (
					"$(inherited)",
					"@executable_path/Frameworks",
				);
				MARKETING_VERSION = 1.0;
				PRODUCT_BUNDLE_IDENTIFIER = canolabs.RallyTransbetxi;
				PRODUCT_NAME = "$(TARGET_NAME)";
				SWIFT_EMIT_LOC_STRINGS = YES;
				SWIFT_VERSION = 5.0;
				TARGETED_DEVICE_FAMILY = "1,2";
			};
			name = Debug;
		};
		6E059FE82C3FF598006783D2 /* Release */ = {
			isa = XCBuildConfiguration;
			buildSettings = {
				ASSETCATALOG_COMPILER_APPICON_NAME = AppIcon;
				ASSETCATALOG_COMPILER_GLOBAL_ACCENT_COLOR_NAME = AccentColor;
				CODE_SIGN_STYLE = Automatic;
				CURRENT_PROJECT_VERSION = 1;
				DEVELOPMENT_ASSET_PATHS = "\"RallyTransbetxi/Preview Content\"";
				DEVELOPMENT_TEAM = 76Z9ZJFA9M;
				ENABLE_PREVIEWS = YES;
				GENERATE_INFOPLIST_FILE = YES;
				INFOPLIST_KEY_UIApplicationSceneManifest_Generation = YES;
				INFOPLIST_KEY_UIApplicationSupportsIndirectInputEvents = YES;
				INFOPLIST_KEY_UILaunchScreen_Generation = YES;
				INFOPLIST_KEY_UISupportedInterfaceOrientations_iPad = "UIInterfaceOrientationPortrait UIInterfaceOrientationPortraitUpsideDown UIInterfaceOrientationLandscapeLeft UIInterfaceOrientationLandscapeRight";
				INFOPLIST_KEY_UISupportedInterfaceOrientations_iPhone = "UIInterfaceOrientationPortrait UIInterfaceOrientationLandscapeLeft UIInterfaceOrientationLandscapeRight";
				LD_RUNPATH_SEARCH_PATHS = (
					"$(inherited)",
					"@executable_path/Frameworks",
				);
				MARKETING_VERSION = 1.0;
				PRODUCT_BUNDLE_IDENTIFIER = canolabs.RallyTransbetxi;
				PRODUCT_NAME = "$(TARGET_NAME)";
				SWIFT_EMIT_LOC_STRINGS = YES;
				SWIFT_VERSION = 5.0;
				TARGETED_DEVICE_FAMILY = "1,2";
			};
			name = Release;
		};
/* End XCBuildConfiguration section */

/* Begin XCConfigurationList section */
		6E059FD32C3FF595006783D2 /* Build configuration list for PBXProject "RallyTransbetxi" */ = {
			isa = XCConfigurationList;
			buildConfigurations = (
				6E059FE42C3FF598006783D2 /* Debug */,
				6E059FE52C3FF598006783D2 /* Release */,
			);
			defaultConfigurationIsVisible = 0;
			defaultConfigurationName = Release;
		};
		6E059FE62C3FF598006783D2 /* Build configuration list for PBXNativeTarget "RallyTransbetxi" */ = {
			isa = XCConfigurationList;
			buildConfigurations = (
				6E059FE72C3FF598006783D2 /* Debug */,
				6E059FE82C3FF598006783D2 /* Release */,
			);
			defaultConfigurationIsVisible = 0;
			defaultConfigurationName = Release;
		};
/* End XCConfigurationList section */
	};
	rootObject = 6E059FD02C3FF595006783D2 /* Project object */;
}
